
Microsoft Visual Studio Solution File, Format Version 12.00
# Visual Studio Version 17
VisualStudioVersion = 17.0.31919.166
MinimumVisualStudioVersion = 10.0.40219.1
Project("{9A19103F-16F7-4668-BE54-9A1E7A4F7556}") = "TripServiceProject", "TripServiceProject\TripServiceProject.csproj", "{017E3FE6-E0AA-417F-9D4B-DF72EBAA601E}"
EndProject
Project("{9A19103F-16F7-4668-BE54-9A1E7A4F7556}") = "TripServicesTests", "TripServicesTests\TripServicesTests.csproj", "{5B8B3EB7-A0EB-47BC-89FB-7AA94CD7D2E6}"
EndProject
Global
	GlobalSection(SolutionConfigurationPlatforms) = preSolution
		Debug|Any CPU = Debug|Any CPU
		Release|Any CPU = Release|Any CPU
	EndGlobalSection
	GlobalSection(ProjectConfigurationPlatforms) = postSolution
		{017E3FE6-E0AA-417F-9D4B-DF72EBAA601E}.Debug|Any CPU.ActiveCfg = Debug|Any CPU
		{017E3FE6-E0AA-417F-9D4B-DF72EBAA601E}.Debug|Any CPU.Build.0 = Debug|Any CPU
		{017E3FE6-E0AA-417F-9D4B-DF72EBAA601E}.Release|Any CPU.ActiveCfg = Release|Any CPU
		{017E3FE6-E0AA-417F-9D4B-DF72EBAA601E}.Release|Any CPU.Build.0 = Release|Any CPU
		{5B8B3EB7-A0EB-47BC-89FB-7AA94CD7D2E6}.Debug|Any CPU.ActiveCfg = Debug|Any CPU
		{5B8B3EB7-A0EB-47BC-89FB-7AA94CD7D2E6}.Debug|Any CPU.Build.0 = Debug|Any CPU
		{5B8B3EB7-A0EB-47BC-89FB-7AA94CD7D2E6}.Release|Any CPU.ActiveCfg = Release|Any CPU
		{5B8B3EB7-A0EB-47BC-89FB-7AA94CD7D2E6}.Release|Any CPU.Build.0 = Release|Any CPU
	EndGlobalSection
	GlobalSection(SolutionProperties) = preSolution
		HideSolutionNode = FALSE
	EndGlobalSection
	GlobalSection(ExtensibilityGlobals) = postSolution
		SolutionGuid = {FAFDBBDE-B728-4DD0-A141-C9CBCB06E228}
	EndGlobalSection
EndGlobal
